<?xml version="1.0" encoding="utf-8"?>
<Project ToolsVersion="4.0" xmlns="http://schemas.microsoft.com/developer/msbuild/2003">
  <ItemGroup>
    <Filter Include="Source Files">
      <UniqueIdentifier>{4FC737F1-C7A5-4376-A066-2A32D752A2FF}</UniqueIdentifier>
      <Extensions>cpp;c;cc;cxx;c++;cppm;ixx;def;odl;idl;hpj;bat;asm;asmx</Extensions>
    </Filter>
    <Filter Include="Header Files">
      <UniqueIdentifier>{93995380-89BD-4b04-88EB-625FBE52EBFB}</UniqueIdentifier>
      <Extensions>h;hh;hpp;hxx;h++;hm;inl;inc;ipp;xsd</Extensions>
    </Filter>
    <Filter Include="Resource Files">
      <UniqueIdentifier>{67DA6AB6-F800-4c08-8B7A-83BB121AAD01}</UniqueIdentifier>
      <Extensions>rc;ico;cur;bmp;dlg;rc2;rct;bin;rgs;gif;jpg;jpeg;jpe;resx;tiff;tif;png;wav;mfcribbon-ms</Extensions>
    </Filter>
    <Filter Include="Source Files\Plot">
      <UniqueIdentifier>{8a6e1dc8-31c0-4e5f-8a1b-ea869c1c616b}</UniqueIdentifier>
    </Filter>
    <Filter Include="Source Files\Mechanics">
      <UniqueIdentifier>{4b0279f5-25e5-41c3-9cc9-407f49ee2c3d}</UniqueIdentifier>
    </Filter>
    <Filter Include="Source Files\Characters">
      <UniqueIdentifier>{749ddb54-b10b-4d5b-83d8-c20bbd5e559f}</UniqueIdentifier>
    </Filter>
    <Filter Include="Header Files\Mechanics">
      <UniqueIdentifier>{ad474de0-97c6-402b-ba1d-171c665e3e12}</UniqueIdentifier>
    </Filter>
    <Filter Include="Header Files\Characters">
      <UniqueIdentifier>{aa11f702-20ab-4057-b5d3-9b9d863d14eb}</UniqueIdentifier>
    </Filter>
    <Filter Include="Header Files\Plot">
      <UniqueIdentifier>{fdbbdb8a-c3bb-4967-8a43-1df474e5b8f3}</UniqueIdentifier>
    </Filter>
  </ItemGroup>
  <ItemGroup>
    <ClCompile Include="Plot.cpp">
      <Filter>Source Files\Plot</Filter>
    </ClCompile>
    <ClCompile Include="Start_of_Journey.cpp">
      <Filter>Source Files\Plot</Filter>
    </ClCompile>
    <ClCompile Include="Title_Screen.cpp">
      <Filter>Source Files\Plot</Filter>
    </ClCompile>
    <ClCompile Include="Description.cpp">
      <Filter>Source Files\Plot</Filter>
    </ClCompile>
    <ClCompile Include="Beginning.cpp">
      <Filter>Source Files\Plot</Filter>
    </ClCompile>
    <ClCompile Include="Choice.cpp">
      <Filter>Source Files\Mechanics</Filter>
    </ClCompile>
    <ClCompile Include="Projekt_main.cpp">
      <Filter>Source Files\Mechanics</Filter>
    </ClCompile>
    <ClCompile Include="Shadow.cpp">
      <Filter>Source Files\Characters</Filter>
    </ClCompile>
    <ClCompile Include="T_Archmage.cpp">
      <Filter>Source Files\Characters</Filter>
    </ClCompile>
    <ClCompile Include="T_Gods_D_S.cpp">
      <Filter>Source Files\Characters</Filter>
    </ClCompile>
    <ClCompile Include="T_Gunner.cpp">
      <Filter>Source Files\Characters</Filter>
    </ClCompile>
    <ClCompile Include="T_Heavy_Gunner.cpp">
      <Filter>Source Files\Characters</Filter>
    </ClCompile>
    <ClCompile Include="T_Knight.cpp">
      <Filter>Source Files\Characters</Filter>
    </ClCompile>
    <ClCompile Include="T_Samurai.cpp">
      <Filter>Source Files\Characters</Filter>
    </ClCompile>
    <ClCompile Include="Warrior.cpp">
      <Filter>Source Files\Characters</Filter>
    </ClCompile>
    <ClCompile Include="Existence.cpp">
      <Filter>Source Files\Mechanics</Filter>
    </ClCompile>
    <ClCompile Include="Lost.cpp">
      <Filter>Source Files\Plot</Filter>
    </ClCompile>
    <ClCompile Include="Win.cpp">
      <Filter>Source Files\Plot</Filter>
    </ClCompile>
    <ClCompile Include="Order.cpp">
      <Filter>Source Files\Mechanics</Filter>
    </ClCompile>
  </ItemGroup>
  <ItemGroup>
    <ClInclude Include="Choice.h">
      <Filter>Header Files\Mechanics</Filter>
    </ClInclude>
    <ClInclude Include="Shadow.h">
      <Filter>Header Files\Characters</Filter>
    </ClInclude>
    <ClInclude Include="T_Archmage.h">
      <Filter>Header Files\Characters</Filter>
    </ClInclude>
    <ClInclude Include="T_Gods_D_S.h">
      <Filter>Header Files\Characters</Filter>
    </ClInclude>
    <ClInclude Include="T_Gunner.h">
      <Filter>Header Files\Characters</Filter>
    </ClInclude>
    <ClInclude Include="T_Heavy_Gunner.h">
      <Filter>Header Files\Characters</Filter>
    </ClInclude>
    <ClInclude Include="T_Knight.h">
      <Filter>Header Files\Characters</Filter>
    </ClInclude>
    <ClInclude Include="T_Samurai.h">
      <Filter>Header Files\Characters</Filter>
    </ClInclude>
    <ClInclude Include="Warrior.h">
      <Filter>Header Files\Characters</Filter>
    </ClInclude>
    <ClInclude Include="Beginning.h">
      <Filter>Header Files\Plot</Filter>
    </ClInclude>
    <ClInclude Include="Description.h">
      <Filter>Header Files\Plot</Filter>
    </ClInclude>
    <ClInclude Include="Plot.h">
      <Filter>Header Files\Plot</Filter>
    </ClInclude>
    <ClInclude Include="Start_of_Journey.h">
      <Filter>Header Files\Plot</Filter>
    </ClInclude>
    <ClInclude Include="Title_Screen.h">
      <Filter>Header Files\Plot</Filter>
    </ClInclude>
    <ClInclude Include="Existence.h">
      <Filter>Header Files\Mechanics</Filter>
    </ClInclude>
    <ClInclude Include="Lost.h">
      <Filter>Header Files\Plot</Filter>
    </ClInclude>
    <ClInclude Include="Win.h">
      <Filter>Header Files\Plot</Filter>
    </ClInclude>
    <ClInclude Include="Order.h">
      <Filter>Header Files\Mechanics</Filter>
    </ClInclude>
  </ItemGroup>
</Project>